{
  "name": "réalité-augmentée-pwa",
  "version": "1.0.0",
  "lockfileVersion": 2,
  "requires": true,
  "packages": {
    "": {
      "name": "réalité-augmenté-pwa",
      "version": "1.0.0",
      "dependencies": {
        "@google/model-viewer": "^1.11.0",
        "@material/banner": "^13.0.0"
      }
    },
    "node_modules/@google/model-viewer": {
      "version": "1.11.0",
      "resolved": "https://registry.npmjs.org/@google/model-viewer/-/model-viewer-1.11.0.tgz",
      "integrity": "sha512-R1KIPDBdT1mzazlBuio1iqCdqzMADuKYgzMiojJxzckMgnb3Navt6GcxXkc/3ES7/DGkmyl1ig25N7EflkHnzw==",
      "dependencies": {
        "lit-element": "^2.5.1",
        "lit-html": "^1.4.1",
        "three": "^0.138.3"
      },
      "engines": {
        "node": ">=6.0.0"
      }
    },
    "node_modules/@material/animation": {
      "version": "13.0.0",
      "resolved": "https://registry.npmjs.org/@material/animation/-/animation-13.0.0.tgz",
      "integrity": "sha512-YR0/u4u56qXDjKYolQ7F+IvlPkaSBhMl/dZv8DK0FbD6PH4ckOPd3bEXNRndXtprsxwknQQP2pttjPImylkl0g==",
      "dependencies": {
        "tslib": "^2.1.0"
      }
    },
    "node_modules/@material/banner": {
      "version": "13.0.0",
      "resolved": "https://registry.npmjs.org/@material/banner/-/banner-13.0.0.tgz",
      "integrity": "sha512-59M85ezhwRaa+BqguYCCaRS57fV5KQe3Ff2cU6LcQNw0UPMFW1ap0dZ+iZBv/sj+7/QcqBBShL9uu8dWKtI4Gg==",
      "dependencies": {
        "@material/base": "^13.0.0",
        "@material/button": "^13.0.0",
        "@material/dom": "^13.0.0",
        "@material/elevation": "^13.0.0",
        "@material/feature-targeting": "^13.0.0",
        "@material/ripple": "^13.0.0",
        "@material/rtl": "^13.0.0",
        "@material/shape": "^13.0.0",
        "@material/theme": "^13.0.0",
        "@material/tokens": "^13.0.0",
        "@material/typography": "^13.0.0",
        "tslib": "^2.1.0"
      }
    },
    "node_modules/@material/base": {
      "version": "13.0.0",
      "resolved": "https://registry.npmjs.org/@material/base/-/base-13.0.0.tgz",
      "integrity": "sha512-vFx0JryRfcvUNX3cZ2u32wUMvxzd+c/YW0LFOXNgqCDWlubHcMm0Y6Wz371LhfQo80/NE69u+/4Joo99yKnVeg==",
      "dependencies": {
        "tslib": "^2.1.0"
      }
    },
    "node_modules/@material/button": {
      "version": "13.0.0",
      "resolved": "https://registry.npmjs.org/@material/button/-/button-13.0.0.tgz",
      "integrity": "sha512-lYorht6fcEd4P+dsLVp2BGtaY5cGYNp71LMajuDe71GZX3dZPoKeVvb+Ie1S7vcB+o+WLTeaisMk9/vA4gfi8A==",
      "dependencies": {
        "@material/density": "^13.0.0",
        "@material/dom": "^13.0.0",
        "@material/elevation": "^13.0.0",
        "@material/feature-targeting": "^13.0.0",
        "@material/ripple": "^13.0.0",
        "@material/rtl": "^13.0.0",
        "@material/shape": "^13.0.0",
        "@material/theme": "^13.0.0",
        "@material/tokens": "^13.0.0",
        "@material/touch-target": "^13.0.0",
        "@material/typography": "^13.0.0",
        "tslib": "^2.1.0"
      }
    },
    "node_modules/@material/density": {
      "version": "13.0.0",
      "resolved": "https://registry.npmjs.org/@material/density/-/density-13.0.0.tgz",
      "integrity": "sha512-ppJTzOsuhjQam5GvHaq/XZocZNUr+41XQ2sd5nONAmQ0wwzXgqG0FaxtF1EXqK3uZFadz+vAu6enagre9DXhTA==",
      "dependencies": {
        "tslib": "^2.1.0"
      }
    },
    "node_modules/@material/dom": {
      "version": "13.0.0",
      "resolved": "https://registry.npmjs.org/@material/dom/-/dom-13.0.0.tgz",
      "integrity": "sha512-M9HLAYBZtkTUvf66FL+jAEvUOdhji1HkGA1mV6oyE+HY9gkCkmso+mngvzlLd5+uaAVE9I3WQFhSb9gp0cpXnw==",
      "dependencies": {
        "@material/feature-targeting": "^13.0.0",
        "tslib": "^2.1.0"
      }
    },
    "node_modules/@material/elevation": {
      "version": "13.0.0",
      "resolved": "https://registry.npmjs.org/@material/elevation/-/elevation-13.0.0.tgz",
      "integrity": "sha512-hzdblgamVRbC0UwKafcvUVDvKzMiOSveDiwGgFk+EAg/tZRdwMlQPyf/9I6Lr8Cw/pNGnEOPhmCDOYPOHimr0w==",
      "dependencies": {
        "@material/animation": "^13.0.0",
        "@material/base": "^13.0.0",
        "@material/feature-targeting": "^13.0.0",
        "@material/rtl": "^13.0.0",
        "@material/theme": "^13.0.0",
        "tslib": "^2.1.0"
      }
    },
    "node_modules/@material/feature-targeting": {
      "version": "13.0.0",
      "resolved": "https://registry.npmjs.org/@material/feature-targeting/-/feature-targeting-13.0.0.tgz",
      "integrity": "sha512-QJClfeaA4EMyAxKJy9WR0Nx+/VwSZCkhGLUVBG9NhxqYGfl/LtaeaidrNm32vYEoNZAofN92VD2RwQTRwp/dMQ==",
      "dependencies": {
        "tslib": "^2.1.0"
      }
    },
    "node_modules/@material/ripple": {
      "version": "13.0.0",
      "resolved": "https://registry.npmjs.org/@material/ripple/-/ripple-13.0.0.tgz",
      "integrity": "sha512-hx4B40hB2rRfsGwf1jwo2GGlYDq0yUQjcMcMmXfQipPJNpQhy8ylmXKc1DBjmWf7EQ/MgbfCSYwPrYXrbGP31w==",
      "dependencies": {
        "@material/animation": "^13.0.0",
        "@material/base": "^13.0.0",
        "@material/dom": "^13.0.0",
        "@material/feature-targeting": "^13.0.0",
        "@material/rtl": "^13.0.0",
        "@material/theme": "^13.0.0",
        "tslib": "^2.1.0"
      }
    },
    "node_modules/@material/rtl": {
      "version": "13.0.0",
      "resolved": "https://registry.npmjs.org/@material/rtl/-/rtl-13.0.0.tgz",
      "integrity": "sha512-nFGy3iQg7k+xLs67eb86mRFVLwa0yi7MusqRK4OM8DXcLO5yoVfUTPKpdSykcbRryp9imVHsxutox2tZawR4og==",
      "dependencies": {
        "@material/theme": "^13.0.0",
        "tslib": "^2.1.0"
      }
    },
    "node_modules/@material/shape": {
      "version": "13.0.0",
      "resolved": "https://registry.npmjs.org/@material/shape/-/shape-13.0.0.tgz",
      "integrity": "sha512-exk96+iCjzCujk3aSrvIMhmW773s1Tc0h+MbQKbt6Iv3nHJCyLSiRbxclCHXWHrVwG/9KZRkrt/g2qk7P3VRBg==",
      "dependencies": {
        "@material/feature-targeting": "^13.0.0",
        "@material/rtl": "^13.0.0",
        "@material/theme": "^13.0.0",
        "tslib": "^2.1.0"
      }
    },
    "node_modules/@material/theme": {
      "version": "13.0.0",
      "resolved": "https://registry.npmjs.org/@material/theme/-/theme-13.0.0.tgz",
      "integrity": "sha512-KAe1s0MvvfCGAwJliDVTvgAKuD3ESwhl7F7br4Iam4IPdqME2rWl8NPhKHFfaWqTG7PyCgMMngYEYuA8cLNTsA==",
      "dependencies": {
        "@material/feature-targeting": "^13.0.0",
        "tslib": "^2.1.0"
      }
    },
    "node_modules/@material/tokens": {
      "version": "13.0.0",
      "resolved": "https://registry.npmjs.org/@material/tokens/-/tokens-13.0.0.tgz",
      "integrity": "sha512-t55CKVeAjABdSQCKjsvYvqrA6Z4f5varLpLloai8ZQU0giSl7qbUczV1i8y2pSOzpRTswD5JKM7a19qfsl/TCA==",
      "dependencies": {
        "@material/elevation": "^13.0.0"
      }
    },
    "node_modules/@material/touch-target": {
      "version": "13.0.0",
      "resolved": "https://registry.npmjs.org/@material/touch-target/-/touch-target-13.0.0.tgz",
      "integrity": "sha512-2BMjj+nwKIYG7cZZGcNuRSKo53knqDu9ksv9wLidxjLgzqXBd1v9gdXsqMRQXepoOqftWGmYMaRYI0xMnxt6lA==",
      "dependencies": {
        "@material/base": "^13.0.0",
        "@material/feature-targeting": "^13.0.0",
        "@material/rtl": "^13.0.0",
        "tslib": "^2.1.0"
      }
    },
    "node_modules/@material/typography": {
      "version": "13.0.0",
      "resolved": "https://registry.npmjs.org/@material/typography/-/typography-13.0.0.tgz",
      "integrity": "sha512-UfaK4vT3LmGiiySf2RVIrf7fJZa6EJadFwo4YUMJx9bvUMRlBm1oI8Vo9fYpKdLfuSTeA+2BlgbwYVObj3laFw==",
      "dependencies": {
        "@material/feature-targeting": "^13.0.0",
        "@material/theme": "^13.0.0",
        "tslib": "^2.1.0"
      }
    },
    "node_modules/lit-element": {
      "version": "2.5.1",
      "resolved": "https://registry.npmjs.org/lit-element/-/lit-element-2.5.1.tgz",
      "integrity": "sha512-ogu7PiJTA33bEK0xGu1dmaX5vhcRjBXCFexPja0e7P7jqLhTpNKYRPmE+GmiCaRVAbiQKGkUgkh/i6+bh++dPQ==",
      "dependencies": {
        "lit-html": "^1.1.1"
      }
    },
    "node_modules/lit-html": {
      "version": "1.4.1",
      "resolved": "https://registry.npmjs.org/lit-html/-/lit-html-1.4.1.tgz",
      "integrity": "sha512-B9btcSgPYb1q4oSOb/PrOT6Z/H+r6xuNzfH4lFli/AWhYwdtrgQkQWBbIc6mdnf6E2IL3gDXdkkqNktpU0OZQA=="
    },
    "node_modules/three": {
      "version": "0.138.3",
      "resolved": "https://registry.npmjs.org/three/-/three-0.138.3.tgz",
      "integrity": "sha512-4t1cKC8gimNyJChJbaklg8W/qj3PpsLJUIFm5LIuAy/hVxxNm1ru2FGTSfbTSsuHmC/7ipsyuGKqrSAKLNtkzg=="
    },
    "node_modules/tslib": {
      "version": "2.3.1",
      "resolved": "https://registry.npmjs.org/tslib/-/tslib-2.3.1.tgz",
      "integrity": "sha512-77EbyPPpMz+FRFRuAFlWMtmgUWGe9UOG2Z25NqCwiIjRhOf5iKGuzSe5P2w1laq+FkRy4p+PCuVkJSGkzTEKVw=="
    }
  },
  "dependencies": {
    "@google/model-viewer": {
      "version": "1.11.0",
      "resolved": "https://registry.npmjs.org/@google/model-viewer/-/model-viewer-1.11.0.tgz",
      "integrity": "sha512-R1KIPDBdT1mzazlBuio1iqCdqzMADuKYgzMiojJxzckMgnb3Navt6GcxXkc/3ES7/DGkmyl1ig25N7EflkHnzw==",
      "requires": {
        "lit-element": "^2.5.1",
        "lit-html": "^1.4.1",
        "three": "^0.138.3"
      }
    },
    "@material/animation": {
      "version": "13.0.0",
      "resolved": "https://registry.npmjs.org/@material/animation/-/animation-13.0.0.tgz",
      "integrity": "sha512-YR0/u4u56qXDjKYolQ7F+IvlPkaSBhMl/dZv8DK0FbD6PH4ckOPd3bEXNRndXtprsxwknQQP2pttjPImylkl0g==",
      "requires": {
        "tslib": "^2.1.0"
      }
    },
    "@material/banner": {
      "version": "13.0.0",
      "resolved": "https://registry.npmjs.org/@material/banner/-/banner-13.0.0.tgz",
      "integrity": "sha512-59M85ezhwRaa+BqguYCCaRS57fV5KQe3Ff2cU6LcQNw0UPMFW1ap0dZ+iZBv/sj+7/QcqBBShL9uu8dWKtI4Gg==",
      "requires": {
        "@material/base": "^13.0.0",
        "@material/button": "^13.0.0",
        "@material/dom": "^13.0.0",
        "@material/elevation": "^13.0.0",
        "@material/feature-targeting": "^13.0.0",
        "@material/ripple": "^13.0.0",
        "@material/rtl": "^13.0.0",
        "@material/shape": "^13.0.0",
        "@material/theme": "^13.0.0",
        "@material/tokens": "^13.0.0",
        "@material/typography": "^13.0.0",
        "tslib": "^2.1.0"
      }
    },
    "@material/base": {
      "version": "13.0.0",
      "resolved": "https://registry.npmjs.org/@material/base/-/base-13.0.0.tgz",
      "integrity": "sha512-vFx0JryRfcvUNX3cZ2u32wUMvxzd+c/YW0LFOXNgqCDWlubHcMm0Y6Wz371LhfQo80/NE69u+/4Joo99yKnVeg==",
      "requires": {
        "tslib": "^2.1.0"
      }
    },
    "@material/button": {
      "version": "13.0.0",
      "resolved": "https://registry.npmjs.org/@material/button/-/button-13.0.0.tgz",
      "integrity": "sha512-lYorht6fcEd4P+dsLVp2BGtaY5cGYNp71LMajuDe71GZX3dZPoKeVvb+Ie1S7vcB+o+WLTeaisMk9/vA4gfi8A==",
      "requires": {
        "@material/density": "^13.0.0",
        "@material/dom": "^13.0.0",
        "@material/elevation": "^13.0.0",
        "@material/feature-targeting": "^13.0.0",
        "@material/ripple": "^13.0.0",
        "@material/rtl": "^13.0.0",
        "@material/shape": "^13.0.0",
        "@material/theme": "^13.0.0",
        "@material/tokens": "^13.0.0",
        "@material/touch-target": "^13.0.0",
        "@material/typography": "^13.0.0",
        "tslib": "^2.1.0"
      }
    },
    "@material/density": {
      "version": "13.0.0",
      "resolved": "https://registry.npmjs.org/@material/density/-/density-13.0.0.tgz",
      "integrity": "sha512-ppJTzOsuhjQam5GvHaq/XZocZNUr+41XQ2sd5nONAmQ0wwzXgqG0FaxtF1EXqK3uZFadz+vAu6enagre9DXhTA==",
      "requires": {
        "tslib": "^2.1.0"
      }
    },
    "@material/dom": {
      "version": "13.0.0",
      "resolved": "https://registry.npmjs.org/@material/dom/-/dom-13.0.0.tgz",
      "integrity": "sha512-M9HLAYBZtkTUvf66FL+jAEvUOdhji1HkGA1mV6oyE+HY9gkCkmso+mngvzlLd5+uaAVE9I3WQFhSb9gp0cpXnw==",
      "requires": {
        "@material/feature-targeting": "^13.0.0",
        "tslib": "^2.1.0"
      }
    },
    "@material/elevation": {
      "version": "13.0.0",
      "resolved": "https://registry.npmjs.org/@material/elevation/-/elevation-13.0.0.tgz",
      "integrity": "sha512-hzdblgamVRbC0UwKafcvUVDvKzMiOSveDiwGgFk+EAg/tZRdwMlQPyf/9I6Lr8Cw/pNGnEOPhmCDOYPOHimr0w==",
      "requires": {
        "@material/animation": "^13.0.0",
        "@material/base": "^13.0.0",
        "@material/feature-targeting": "^13.0.0",
        "@material/rtl": "^13.0.0",
        "@material/theme": "^13.0.0",
        "tslib": "^2.1.0"
      }
    },
    "@material/feature-targeting": {
      "version": "13.0.0",
      "resolved": "https://registry.npmjs.org/@material/feature-targeting/-/feature-targeting-13.0.0.tgz",
      "integrity": "sha512-QJClfeaA4EMyAxKJy9WR0Nx+/VwSZCkhGLUVBG9NhxqYGfl/LtaeaidrNm32vYEoNZAofN92VD2RwQTRwp/dMQ==",
      "requires": {
        "tslib": "^2.1.0"
      }
    },
    "@material/ripple": {
      "version": "13.0.0",
      "resolved": "https://registry.npmjs.org/@material/ripple/-/ripple-13.0.0.tgz",
      "integrity": "sha512-hx4B40hB2rRfsGwf1jwo2GGlYDq0yUQjcMcMmXfQipPJNpQhy8ylmXKc1DBjmWf7EQ/MgbfCSYwPrYXrbGP31w==",
      "requires": {
        "@material/animation": "^13.0.0",
        "@material/base": "^13.0.0",
        "@material/dom": "^13.0.0",
        "@material/feature-targeting": "^13.0.0",
        "@material/rtl": "^13.0.0",
        "@material/theme": "^13.0.0",
        "tslib": "^2.1.0"
      }
    },
    "@material/rtl": {
      "version": "13.0.0",
      "resolved": "https://registry.npmjs.org/@material/rtl/-/rtl-13.0.0.tgz",
      "integrity": "sha512-nFGy3iQg7k+xLs67eb86mRFVLwa0yi7MusqRK4OM8DXcLO5yoVfUTPKpdSykcbRryp9imVHsxutox2tZawR4og==",
      "requires": {
        "@material/theme": "^13.0.0",
        "tslib": "^2.1.0"
      }
    },
    "@material/shape": {
      "version": "13.0.0",
      "resolved": "https://registry.npmjs.org/@material/shape/-/shape-13.0.0.tgz",
      "integrity": "sha512-exk96+iCjzCujk3aSrvIMhmW773s1Tc0h+MbQKbt6Iv3nHJCyLSiRbxclCHXWHrVwG/9KZRkrt/g2qk7P3VRBg==",
      "requires": {
        "@material/feature-targeting": "^13.0.0",
        "@material/rtl": "^13.0.0",
        "@material/theme": "^13.0.0",
        "tslib": "^2.1.0"
      }
    },
    "@material/theme": {
      "version": "13.0.0",
      "resolved": "https://registry.npmjs.org/@material/theme/-/theme-13.0.0.tgz",
      "integrity": "sha512-KAe1s0MvvfCGAwJliDVTvgAKuD3ESwhl7F7br4Iam4IPdqME2rWl8NPhKHFfaWqTG7PyCgMMngYEYuA8cLNTsA==",
      "requires": {
        "@material/feature-targeting": "^13.0.0",
        "tslib": "^2.1.0"
      }
    },
    "@material/tokens": {
      "version": "13.0.0",
      "resolved": "https://registry.npmjs.org/@material/tokens/-/tokens-13.0.0.tgz",
      "integrity": "sha512-t55CKVeAjABdSQCKjsvYvqrA6Z4f5varLpLloai8ZQU0giSl7qbUczV1i8y2pSOzpRTswD5JKM7a19qfsl/TCA==",
      "requires": {
        "@material/elevation": "^13.0.0"
      }
    },
    "@material/touch-target": {
      "version": "13.0.0",
      "resolved": "https://registry.npmjs.org/@material/touch-target/-/touch-target-13.0.0.tgz",
      "integrity": "sha512-2BMjj+nwKIYG7cZZGcNuRSKo53knqDu9ksv9wLidxjLgzqXBd1v9gdXsqMRQXepoOqftWGmYMaRYI0xMnxt6lA==",
      "requires": {
        "@material/base": "^13.0.0",
        "@material/feature-targeting": "^13.0.0",
        "@material/rtl": "^13.0.0",
        "tslib": "^2.1.0"
      }
    },
    "@material/typography": {
      "version": "13.0.0",
      "resolved": "https://registry.npmjs.org/@material/typography/-/typography-13.0.0.tgz",
      "integrity": "sha512-UfaK4vT3LmGiiySf2RVIrf7fJZa6EJadFwo4YUMJx9bvUMRlBm1oI8Vo9fYpKdLfuSTeA+2BlgbwYVObj3laFw==",
      "requires": {
        "@material/feature-targeting": "^13.0.0",
        "@material/theme": "^13.0.0",
        "tslib": "^2.1.0"
      }
    },
    "lit-element": {
      "version": "2.5.1",
      "resolved": "https://registry.npmjs.org/lit-element/-/lit-element-2.5.1.tgz",
      "integrity": "sha512-ogu7PiJTA33bEK0xGu1dmaX5vhcRjBXCFexPja0e7P7jqLhTpNKYRPmE+GmiCaRVAbiQKGkUgkh/i6+bh++dPQ==",
      "requires": {
        "lit-html": "^1.1.1"
      }
    },
    "lit-html": {
      "version": "1.4.1",
      "resolved": "https://registry.npmjs.org/lit-html/-/lit-html-1.4.1.tgz",
      "integrity": "sha512-B9btcSgPYb1q4oSOb/PrOT6Z/H+r6xuNzfH4lFli/AWhYwdtrgQkQWBbIc6mdnf6E2IL3gDXdkkqNktpU0OZQA=="
    },
    "three": {
      "version": "0.138.3",
      "resolved": "https://registry.npmjs.org/three/-/three-0.138.3.tgz",
      "integrity": "sha512-4t1cKC8gimNyJChJbaklg8W/qj3PpsLJUIFm5LIuAy/hVxxNm1ru2FGTSfbTSsuHmC/7ipsyuGKqrSAKLNtkzg=="
    },
    "tslib": {
      "version": "2.3.1",
      "resolved": "https://registry.npmjs.org/tslib/-/tslib-2.3.1.tgz",
      "integrity": "sha512-77EbyPPpMz+FRFRuAFlWMtmgUWGe9UOG2Z25NqCwiIjRhOf5iKGuzSe5P2w1laq+FkRy4p+PCuVkJSGkzTEKVw=="
    }
  }
}
